
Microsoft Visual Studio Solution File, Format Version 12.00
# Visual Studio Version 17
VisualStudioVersion = 17.8.34330.188
MinimumVisualStudioVersion = 10.0.40219.1
Project("{FAE04EC0-301F-11D3-BF4B-00C04F79EFBC}") = "HabitTracker", "HabitTracker\HabitTracker.csproj", "{78DD3804-AEE6-4709-8E95-587838724850}"
EndProject
Global
	GlobalSection(SolutionConfigurationPlatforms) = preSolution
		Debug|Any CPU = Debug|Any CPU
		Release|Any CPU = Release|Any CPU
	EndGlobalSection
	GlobalSection(ProjectConfigurationPlatforms) = postSolution
		{78DD3804-AEE6-4709-8E95-587838724850}.Debug|Any CPU.ActiveCfg = Debug|Any CPU
		{78DD3804-AEE6-4709-8E95-587838724850}.Debug|Any CPU.Build.0 = Debug|Any CPU
		{78DD3804-AEE6-4709-8E95-587838724850}.Release|Any CPU.ActiveCfg = Release|Any CPU
		{78DD3804-AEE6-4709-8E95-587838724850}.Release|Any CPU.Build.0 = Release|Any CPU
	EndGlobalSection
	GlobalSection(SolutionProperties) = preSolution
		HideSolutionNode = FALSE
	EndGlobalSection
	GlobalSection(ExtensibilityGlobals) = postSolution
		SolutionGuid = {911F40C4-1792-42A6-A889-7D66162FDF09}
	EndGlobalSection
EndGlobal
